
Microsoft Visual Studio Solution File, Format Version 12.00
# Visual Studio Version 16
VisualStudioVersion = 16.0.31025.194
MinimumVisualStudioVersion = 10.0.40219.1
Project("{9A19103F-16F7-4668-BE54-9A1E7A4F7556}") = "WD.Web", "WD.Web\WD.Web.csproj", "{31120F60-DF1F-4890-8AB9-FDE7C890800E}"
EndProject
Project("{9A19103F-16F7-4668-BE54-9A1E7A4F7556}") = "WD.Data", "WD.Data\WD.Data.csproj", "{E84AA1E5-75FF-4F5B-9D8A-E26433FD96EF}"
EndProject
Project("{FAE04EC0-301F-11D3-BF4B-00C04F79EFBC}") = "WD.Web.Tests", "WD.Web.Tests\WD.Web.Tests.csproj", "{051444AE-CC87-48FF-8636-A5E7FECCAE38}"
EndProject
Global
	GlobalSection(SolutionConfigurationPlatforms) = preSolution
		Debug|Any CPU = Debug|Any CPU
		Release|Any CPU = Release|Any CPU
	EndGlobalSection
	GlobalSection(ProjectConfigurationPlatforms) = postSolution
		{31120F60-DF1F-4890-8AB9-FDE7C890800E}.Debug|Any CPU.ActiveCfg = Debug|Any CPU
		{31120F60-DF1F-4890-8AB9-FDE7C890800E}.Debug|Any CPU.Build.0 = Debug|Any CPU
		{31120F60-DF1F-4890-8AB9-FDE7C890800E}.Release|Any CPU.ActiveCfg = Release|Any CPU
		{31120F60-DF1F-4890-8AB9-FDE7C890800E}.Release|Any CPU.Build.0 = Release|Any CPU
		{E84AA1E5-75FF-4F5B-9D8A-E26433FD96EF}.Debug|Any CPU.ActiveCfg = Debug|Any CPU
		{E84AA1E5-75FF-4F5B-9D8A-E26433FD96EF}.Debug|Any CPU.Build.0 = Debug|Any CPU
		{E84AA1E5-75FF-4F5B-9D8A-E26433FD96EF}.Release|Any CPU.ActiveCfg = Release|Any CPU
		{E84AA1E5-75FF-4F5B-9D8A-E26433FD96EF}.Release|Any CPU.Build.0 = Release|Any CPU
		{051444AE-CC87-48FF-8636-A5E7FECCAE38}.Debug|Any CPU.ActiveCfg = Debug|Any CPU
		{051444AE-CC87-48FF-8636-A5E7FECCAE38}.Debug|Any CPU.Build.0 = Debug|Any CPU
		{051444AE-CC87-48FF-8636-A5E7FECCAE38}.Release|Any CPU.ActiveCfg = Release|Any CPU
		{051444AE-CC87-48FF-8636-A5E7FECCAE38}.Release|Any CPU.Build.0 = Release|Any CPU
	EndGlobalSection
	GlobalSection(SolutionProperties) = preSolution
		HideSolutionNode = FALSE
	EndGlobalSection
	GlobalSection(ExtensibilityGlobals) = postSolution
		SolutionGuid = {1FCC5B27-5D3B-4469-8E54-C82425B8C822}
	EndGlobalSection
EndGlobal
