
Microsoft Visual Studio Solution File, Format Version 12.00
# Visual Studio Version 16
VisualStudioVersion = 16.0.31025.194
MinimumVisualStudioVersion = 10.0.40219.1
Project("{00D1A9C2-B5F0-4AF3-8072-F6C62B433612}") = "WD.SQLServer", "WD.SQLServer\WD.SQLServer.sqlproj", "{D8A6DA09-7ED9-42BB-A22C-C0B08AF20203}"
EndProject
Global
	GlobalSection(SolutionConfigurationPlatforms) = preSolution
		Debug|Any CPU = Debug|Any CPU
		Release|Any CPU = Release|Any CPU
	EndGlobalSection
	GlobalSection(ProjectConfigurationPlatforms) = postSolution
		{D8A6DA09-7ED9-42BB-A22C-C0B08AF20203}.Debug|Any CPU.ActiveCfg = Debug|Any CPU
		{D8A6DA09-7ED9-42BB-A22C-C0B08AF20203}.Debug|Any CPU.Build.0 = Debug|Any CPU
		{D8A6DA09-7ED9-42BB-A22C-C0B08AF20203}.Debug|Any CPU.Deploy.0 = Debug|Any CPU
		{D8A6DA09-7ED9-42BB-A22C-C0B08AF20203}.Release|Any CPU.ActiveCfg = Release|Any CPU
		{D8A6DA09-7ED9-42BB-A22C-C0B08AF20203}.Release|Any CPU.Build.0 = Release|Any CPU
		{D8A6DA09-7ED9-42BB-A22C-C0B08AF20203}.Release|Any CPU.Deploy.0 = Release|Any CPU
	EndGlobalSection
	GlobalSection(SolutionProperties) = preSolution
		HideSolutionNode = FALSE
	EndGlobalSection
	GlobalSection(ExtensibilityGlobals) = postSolution
		SolutionGuid = {1FCC5B27-5D3B-4469-8E54-C82425B8C822}
	EndGlobalSection
EndGlobal
